// !$*UTF8*$!
{
	archiveVersion = 1;
	classes = {
	};
	objectVersion = 50;
	objects = {

/* Begin PBXBuildFile section */
		0E20A2AF26B285BF0012F3C6 /* RecipeListView.swift in Sources */ = {isa = PBXBuildFile; fileRef = 0E20A2AE26B285BF0012F3C6 /* RecipeListView.swift */; };
		0E20A2B226B2B23D0012F3C6 /* RecipeListItemView.swift in Sources */ = {isa = PBXBuildFile; fileRef = 0E20A2B126B2B23D0012F3C6 /* RecipeListItemView.swift */; };
		0EE5F00726B7EBF000D81C8D /* RecipeSortView.swift in Sources */ = {isa = PBXBuildFile; fileRef = 0EE5F00626B7EBF000D81C8D /* RecipeSortView.swift */; };
		0EE5F00B26B8086F00D81C8D /* RecipeSortSample.swift in Sources */ = {isa = PBXBuildFile; fileRef = 0EE5F00A26B8086F00D81C8D /* RecipeSortSample.swift */; };
		302C8E0F26BD1E07009EBA28 /* RecipeModel.swift in Sources */ = {isa = PBXBuildFile; fileRef = 302C8E0E26BD1E07009EBA28 /* RecipeModel.swift */; };
		302C8E1126BD2137009EBA28 /* IngredientModel.swift in Sources */ = {isa = PBXBuildFile; fileRef = 302C8E1026BD2137009EBA28 /* IngredientModel.swift */; };
		302C8E1326C112D7009EBA28 /* RecipeViewModel.swift in Sources */ = {isa = PBXBuildFile; fileRef = 302C8E1226C112D7009EBA28 /* RecipeViewModel.swift */; };
		3041C82126B28DB100E2B156 /* RecipeView.swift in Sources */ = {isa = PBXBuildFile; fileRef = 3041C82026B28DB100E2B156 /* RecipeView.swift */; };
		3041C82326B2990500E2B156 /* IngredientSample.swift in Sources */ = {isa = PBXBuildFile; fileRef = 3041C82226B2990500E2B156 /* IngredientSample.swift */; };
		3041C82526B29AC800E2B156 /* IngredientListCellView.swift in Sources */ = {isa = PBXBuildFile; fileRef = 3041C82426B29AC800E2B156 /* IngredientListCellView.swift */; };
		3041C82726B2A07700E2B156 /* RecipeSample.swift in Sources */ = {isa = PBXBuildFile; fileRef = 3041C82626B2A07700E2B156 /* RecipeSample.swift */; };
		307C551A269E070F00DD6FC3 /* ShoppingView.swift in Sources */ = {isa = PBXBuildFile; fileRef = 307C5519269E070F00DD6FC3 /* ShoppingView.swift */; };
		307C551C269E076B00DD6FC3 /* ShoppingViewModel.swift in Sources */ = {isa = PBXBuildFile; fileRef = 307C551B269E076B00DD6FC3 /* ShoppingViewModel.swift */; };
		307C551E269E077700DD6FC3 /* ShoppingModel.swift in Sources */ = {isa = PBXBuildFile; fileRef = 307C551D269E077700DD6FC3 /* ShoppingModel.swift */; };
		307C5520269E946500DD6FC3 /* ShoppingListEmptyView.swift in Sources */ = {isa = PBXBuildFile; fileRef = 307C551F269E946500DD6FC3 /* ShoppingListEmptyView.swift */; };
		307C5522269E99AE00DD6FC3 /* ShoppingListView.swift in Sources */ = {isa = PBXBuildFile; fileRef = 307C5521269E99AE00DD6FC3 /* ShoppingListView.swift */; };
		307C5524269E9C2E00DD6FC3 /* ShoppingFormView.swift in Sources */ = {isa = PBXBuildFile; fileRef = 307C5523269E9C2E00DD6FC3 /* ShoppingFormView.swift */; };
		30C5329326BA6FE5004F1E3F /* CookingStepView.swift in Sources */ = {isa = PBXBuildFile; fileRef = 30C5329226BA6FE5004F1E3F /* CookingStepView.swift */; };
		30CD65CB26A03F4D003CA34A /* ShoppingToInventoryView.swift in Sources */ = {isa = PBXBuildFile; fileRef = 30CD65CA26A03F4D003CA34A /* ShoppingToInventoryView.swift */; };
		30CD65CD26A04263003CA34A /* ShoppingToInventoryListView.swift in Sources */ = {isa = PBXBuildFile; fileRef = 30CD65CC26A04263003CA34A /* ShoppingToInventoryListView.swift */; };
		900D340D26B832500052CF5D /* GlobalView.swift in Sources */ = {isa = PBXBuildFile; fileRef = 900D340C26B832500052CF5D /* GlobalView.swift */; };
		900D341326B855AE0052CF5D /* WidgetInventoryModel.swift in Sources */ = {isa = PBXBuildFile; fileRef = 900D341226B855AE0052CF5D /* WidgetInventoryModel.swift */; };
		900D341426B855F40052CF5D /* WidgetInventoryModel.swift in Sources */ = {isa = PBXBuildFile; fileRef = 900D341226B855AE0052CF5D /* WidgetInventoryModel.swift */; };
		900D341726B857C80052CF5D /* WidgetInventoryViewModel.swift in Sources */ = {isa = PBXBuildFile; fileRef = 900D341626B857C80052CF5D /* WidgetInventoryViewModel.swift */; };
		900D341826B857F50052CF5D /* WidgetInventoryViewModel.swift in Sources */ = {isa = PBXBuildFile; fileRef = 900D341626B857C80052CF5D /* WidgetInventoryViewModel.swift */; };
		9020094226C1A02100AB0A5F /* ClassifierData.mlmodel in Sources */ = {isa = PBXBuildFile; fileRef = 9020094126C1A02100AB0A5F /* ClassifierData.mlmodel */; };
		9047D1E626A488F200511A25 /* InventoryFilterView.swift in Sources */ = {isa = PBXBuildFile; fileRef = 9047D1E526A488F200511A25 /* InventoryFilterView.swift */; };
		90505E1F26B9564E00F0415A /* DataRecipe.swift in Sources */ = {isa = PBXBuildFile; fileRef = 90505E1E26B9564E00F0415A /* DataRecipe.swift */; };
		905DE8B62693311600E7011C /* ambis_rebornApp.swift in Sources */ = {isa = PBXBuildFile; fileRef = 905DE8B52693311600E7011C /* ambis_rebornApp.swift */; };
		905DE8B82693311600E7011C /* ContentView.swift in Sources */ = {isa = PBXBuildFile; fileRef = 905DE8B72693311600E7011C /* ContentView.swift */; };
		905DE8BA2693311700E7011C /* Assets.xcassets in Resources */ = {isa = PBXBuildFile; fileRef = 905DE8B92693311700E7011C /* Assets.xcassets */; };
		905DE8BD2693311700E7011C /* Preview Assets.xcassets in Resources */ = {isa = PBXBuildFile; fileRef = 905DE8BC2693311700E7011C /* Preview Assets.xcassets */; };
		905DE8C8269332D300E7011C /* TabBarView.swift in Sources */ = {isa = PBXBuildFile; fileRef = 905DE8C7269332D300E7011C /* TabBarView.swift */; };
		905DE8CC2693333C00E7011C /* InventoryView.swift in Sources */ = {isa = PBXBuildFile; fileRef = 905DE8CB2693333C00E7011C /* InventoryView.swift */; };
		905DE8CE2693334A00E7011C /* CategoryView.swift in Sources */ = {isa = PBXBuildFile; fileRef = 905DE8CD2693334A00E7011C /* CategoryView.swift */; };
		905DE8D12693E54F00E7011C /* CoreData.xcdatamodeld in Sources */ = {isa = PBXBuildFile; fileRef = 905DE8CF2693E54F00E7011C /* CoreData.xcdatamodeld */; };
		905DE8D72693E93B00E7011C /* CategoryListView.swift in Sources */ = {isa = PBXBuildFile; fileRef = 905DE8D62693E93B00E7011C /* CategoryListView.swift */; };
		9065A5F926A9738800BAD3A6 /* InventoryListFilterView.swift in Sources */ = {isa = PBXBuildFile; fileRef = 9065A5F826A9738800BAD3A6 /* InventoryListFilterView.swift */; };
		9065A60126AA25EC00BAD3A6 /* WidgetKit.framework in Frameworks */ = {isa = PBXBuildFile; fileRef = 9065A60026AA25EC00BAD3A6 /* WidgetKit.framework */; };
		9065A60326AA25EC00BAD3A6 /* SwiftUI.framework in Frameworks */ = {isa = PBXBuildFile; fileRef = 9065A60226AA25EC00BAD3A6 /* SwiftUI.framework */; };
		9065A60626AA25EC00BAD3A6 /* widget.swift in Sources */ = {isa = PBXBuildFile; fileRef = 9065A60526AA25EC00BAD3A6 /* widget.swift */; };
		9065A60926AA25EE00BAD3A6 /* Assets.xcassets in Resources */ = {isa = PBXBuildFile; fileRef = 9065A60826AA25EE00BAD3A6 /* Assets.xcassets */; };
		9065A60B26AA25EE00BAD3A6 /* widget.intentdefinition in Sources */ = {isa = PBXBuildFile; fileRef = 9065A60726AA25EC00BAD3A6 /* widget.intentdefinition */; };
		9065A60C26AA25EE00BAD3A6 /* widget.intentdefinition in Sources */ = {isa = PBXBuildFile; fileRef = 9065A60726AA25EC00BAD3A6 /* widget.intentdefinition */; };
		9065A60F26AA25EE00BAD3A6 /* widgetExtension.appex in Embed App Extensions */ = {isa = PBXBuildFile; fileRef = 9065A5FE26AA25EC00BAD3A6 /* widgetExtension.appex */; settings = {ATTRIBUTES = (RemoveHeadersOnCopy, ); }; };
		9070148B269E160200F8981A /* InventoryCategoryListView.swift in Sources */ = {isa = PBXBuildFile; fileRef = 9070148A269E160200F8981A /* InventoryCategoryListView.swift */; };
		9070148D269ECC0B00F8981A /* InventoryFormEditView.swift in Sources */ = {isa = PBXBuildFile; fileRef = 9070148C269ECC0B00F8981A /* InventoryFormEditView.swift */; };
		9070148F269F5D4200F8981A /* Global.swift in Sources */ = {isa = PBXBuildFile; fileRef = 9070148E269F5D4200F8981A /* Global.swift */; };
		90706CB226A5726200471700 /* InventoryListExpiryView.swift in Sources */ = {isa = PBXBuildFile; fileRef = 90706CB126A5726200471700 /* InventoryListExpiryView.swift */; };
		9082AE9B2693F479009A7161 /* SearchBar.swift in Sources */ = {isa = PBXBuildFile; fileRef = 9082AE9A2693F479009A7161 /* SearchBar.swift */; };
		9082AE9D2693F4AB009A7161 /* Extension.swift in Sources */ = {isa = PBXBuildFile; fileRef = 9082AE9C2693F4AB009A7161 /* Extension.swift */; };
		9082AE9F2693F4F5009A7161 /* ViewControllerResolver.swift in Sources */ = {isa = PBXBuildFile; fileRef = 9082AE9E2693F4F5009A7161 /* ViewControllerResolver.swift */; };
		90905AD2269D386600D8A500 /* Notification.swift in Sources */ = {isa = PBXBuildFile; fileRef = 90905AD1269D386600D8A500 /* Notification.swift */; };
		9090AC962699222D008AF935 /* Persistence.swift in Sources */ = {isa = PBXBuildFile; fileRef = 9090AC952699222D008AF935 /* Persistence.swift */; };
		9090AC9826993F6C008AF935 /* InventoryViewModel.swift in Sources */ = {isa = PBXBuildFile; fileRef = 9090AC9726993F6C008AF935 /* InventoryViewModel.swift */; };
		9090AC9A26993FA7008AF935 /* InventoryModel.swift in Sources */ = {isa = PBXBuildFile; fileRef = 9090AC9926993FA7008AF935 /* InventoryModel.swift */; };
		9090AC9C269948E3008AF935 /* InventoryFormView.swift in Sources */ = {isa = PBXBuildFile; fileRef = 9090AC9B269948E3008AF935 /* InventoryFormView.swift */; };
		9090AC9E269948F0008AF935 /* InventoryListView.swift in Sources */ = {isa = PBXBuildFile; fileRef = 9090AC9D269948F0008AF935 /* InventoryListView.swift */; };
		9090ACA026994AB1008AF935 /* InventoryListEmptyView.swift in Sources */ = {isa = PBXBuildFile; fileRef = 9090AC9F26994AB1008AF935 /* InventoryListEmptyView.swift */; };
		9090ACA226997208008AF935 /* FoodCategoryModel.swift in Sources */ = {isa = PBXBuildFile; fileRef = 9090ACA126997208008AF935 /* FoodCategoryModel.swift */; };
		90AD5F0026976BF000E98152 /* CategoryFormView.swift in Sources */ = {isa = PBXBuildFile; fileRef = 90AD5EFF26976BF000E98152 /* CategoryFormView.swift */; };
		90AD5F022697736900E98152 /* CategoryViewModel.swift in Sources */ = {isa = PBXBuildFile; fileRef = 90AD5F012697736900E98152 /* CategoryViewModel.swift */; };
		90E8F2E626B16563002BCBDE /* PrepareView.swift in Sources */ = {isa = PBXBuildFile; fileRef = 90E8F2E526B16563002BCBDE /* PrepareView.swift */; };
		90E8F2E826B17047002BCBDE /* PrepareFilterView.swift in Sources */ = {isa = PBXBuildFile; fileRef = 90E8F2E726B17047002BCBDE /* PrepareFilterView.swift */; };
		90E8F2EA26B21872002BCBDE /* PrepareListExpiryView.swift in Sources */ = {isa = PBXBuildFile; fileRef = 90E8F2E926B21872002BCBDE /* PrepareListExpiryView.swift */; };
		90E8F2EC26B21880002BCBDE /* PrepareListView.swift in Sources */ = {isa = PBXBuildFile; fileRef = 90E8F2EB26B21880002BCBDE /* PrepareListView.swift */; };
		90E8F2EE26B22757002BCBDE /* PrepareListFilterView.swift in Sources */ = {isa = PBXBuildFile; fileRef = 90E8F2ED26B22757002BCBDE /* PrepareListFilterView.swift */; };
/* End PBXBuildFile section */

/* Begin PBXContainerItemProxy section */
		9065A60D26AA25EE00BAD3A6 /* PBXContainerItemProxy */ = {
			isa = PBXContainerItemProxy;
			containerPortal = 905DE8AA2693311500E7011C /* Project object */;
			proxyType = 1;
			remoteGlobalIDString = 9065A5FD26AA25EC00BAD3A6;
			remoteInfo = widgetExtension;
		};
/* End PBXContainerItemProxy section */

/* Begin PBXCopyFilesBuildPhase section */
		9065A61026AA25EE00BAD3A6 /* Embed App Extensions */ = {
			isa = PBXCopyFilesBuildPhase;
			buildActionMask = 2147483647;
			dstPath = "";
			dstSubfolderSpec = 13;
			files = (
				9065A60F26AA25EE00BAD3A6 /* widgetExtension.appex in Embed App Extensions */,
			);
			name = "Embed App Extensions";
			runOnlyForDeploymentPostprocessing = 0;
		};
/* End PBXCopyFilesBuildPhase section */

/* Begin PBXFileReference section */
		0E20A2AE26B285BF0012F3C6 /* RecipeListView.swift */ = {isa = PBXFileReference; lastKnownFileType = sourcecode.swift; path = RecipeListView.swift; sourceTree = "<group>"; };
		0E20A2B126B2B23D0012F3C6 /* RecipeListItemView.swift */ = {isa = PBXFileReference; lastKnownFileType = sourcecode.swift; path = RecipeListItemView.swift; sourceTree = "<group>"; };
		0EE5F00626B7EBF000D81C8D /* RecipeSortView.swift */ = {isa = PBXFileReference; lastKnownFileType = sourcecode.swift; path = RecipeSortView.swift; sourceTree = "<group>"; };
		0EE5F00A26B8086F00D81C8D /* RecipeSortSample.swift */ = {isa = PBXFileReference; lastKnownFileType = sourcecode.swift; path = RecipeSortSample.swift; sourceTree = "<group>"; };
		302C8E0E26BD1E07009EBA28 /* RecipeModel.swift */ = {isa = PBXFileReference; lastKnownFileType = sourcecode.swift; path = RecipeModel.swift; sourceTree = "<group>"; };
		302C8E1026BD2137009EBA28 /* IngredientModel.swift */ = {isa = PBXFileReference; lastKnownFileType = sourcecode.swift; path = IngredientModel.swift; sourceTree = "<group>"; };
		302C8E1226C112D7009EBA28 /* RecipeViewModel.swift */ = {isa = PBXFileReference; lastKnownFileType = sourcecode.swift; path = RecipeViewModel.swift; sourceTree = "<group>"; };
		3041C82026B28DB100E2B156 /* RecipeView.swift */ = {isa = PBXFileReference; lastKnownFileType = sourcecode.swift; path = RecipeView.swift; sourceTree = "<group>"; };
		3041C82226B2990500E2B156 /* IngredientSample.swift */ = {isa = PBXFileReference; lastKnownFileType = sourcecode.swift; path = IngredientSample.swift; sourceTree = "<group>"; };
		3041C82426B29AC800E2B156 /* IngredientListCellView.swift */ = {isa = PBXFileReference; lastKnownFileType = sourcecode.swift; path = IngredientListCellView.swift; sourceTree = "<group>"; };
		3041C82626B2A07700E2B156 /* RecipeSample.swift */ = {isa = PBXFileReference; lastKnownFileType = sourcecode.swift; path = RecipeSample.swift; sourceTree = "<group>"; };
		307C5519269E070F00DD6FC3 /* ShoppingView.swift */ = {isa = PBXFileReference; fileEncoding = 4; lastKnownFileType = sourcecode.swift; path = ShoppingView.swift; sourceTree = "<group>"; };
		307C551B269E076B00DD6FC3 /* ShoppingViewModel.swift */ = {isa = PBXFileReference; fileEncoding = 4; lastKnownFileType = sourcecode.swift; path = ShoppingViewModel.swift; sourceTree = "<group>"; };
		307C551D269E077700DD6FC3 /* ShoppingModel.swift */ = {isa = PBXFileReference; fileEncoding = 4; lastKnownFileType = sourcecode.swift; path = ShoppingModel.swift; sourceTree = "<group>"; };
		307C551F269E946500DD6FC3 /* ShoppingListEmptyView.swift */ = {isa = PBXFileReference; lastKnownFileType = sourcecode.swift; path = ShoppingListEmptyView.swift; sourceTree = "<group>"; };
		307C5521269E99AE00DD6FC3 /* ShoppingListView.swift */ = {isa = PBXFileReference; lastKnownFileType = sourcecode.swift; path = ShoppingListView.swift; sourceTree = "<group>"; };
		307C5523269E9C2E00DD6FC3 /* ShoppingFormView.swift */ = {isa = PBXFileReference; lastKnownFileType = sourcecode.swift; path = ShoppingFormView.swift; sourceTree = "<group>"; };
		30C5329226BA6FE5004F1E3F /* CookingStepView.swift */ = {isa = PBXFileReference; lastKnownFileType = sourcecode.swift; path = CookingStepView.swift; sourceTree = "<group>"; };
		30CD65CA26A03F4D003CA34A /* ShoppingToInventoryView.swift */ = {isa = PBXFileReference; lastKnownFileType = sourcecode.swift; path = ShoppingToInventoryView.swift; sourceTree = "<group>"; };
		30CD65CC26A04263003CA34A /* ShoppingToInventoryListView.swift */ = {isa = PBXFileReference; lastKnownFileType = sourcecode.swift; path = ShoppingToInventoryListView.swift; sourceTree = "<group>"; };
		900D340C26B832500052CF5D /* GlobalView.swift */ = {isa = PBXFileReference; lastKnownFileType = sourcecode.swift; path = GlobalView.swift; sourceTree = "<group>"; };
		900D341026B8541F0052CF5D /* ambis-reborn.entitlements */ = {isa = PBXFileReference; lastKnownFileType = text.plist.entitlements; path = "ambis-reborn.entitlements"; sourceTree = "<group>"; };
		900D341126B854330052CF5D /* widgetExtension.entitlements */ = {isa = PBXFileReference; lastKnownFileType = text.plist.entitlements; path = widgetExtension.entitlements; sourceTree = "<group>"; };
		900D341226B855AE0052CF5D /* WidgetInventoryModel.swift */ = {isa = PBXFileReference; lastKnownFileType = sourcecode.swift; path = WidgetInventoryModel.swift; sourceTree = "<group>"; };
		900D341626B857C80052CF5D /* WidgetInventoryViewModel.swift */ = {isa = PBXFileReference; lastKnownFileType = sourcecode.swift; path = WidgetInventoryViewModel.swift; sourceTree = "<group>"; };
		9020094126C1A02100AB0A5F /* ClassifierData.mlmodel */ = {isa = PBXFileReference; lastKnownFileType = file.mlmodel; path = ClassifierData.mlmodel; sourceTree = "<group>"; };
		9047D1E526A488F200511A25 /* InventoryFilterView.swift */ = {isa = PBXFileReference; lastKnownFileType = sourcecode.swift; path = InventoryFilterView.swift; sourceTree = "<group>"; };
		90505E1E26B9564E00F0415A /* DataRecipe.swift */ = {isa = PBXFileReference; lastKnownFileType = sourcecode.swift; path = DataRecipe.swift; sourceTree = "<group>"; };
		905DE8B22693311500E7011C /* ambis-reborn.app */ = {isa = PBXFileReference; explicitFileType = wrapper.application; includeInIndex = 0; path = "ambis-reborn.app"; sourceTree = BUILT_PRODUCTS_DIR; };
		905DE8B52693311600E7011C /* ambis_rebornApp.swift */ = {isa = PBXFileReference; lastKnownFileType = sourcecode.swift; path = ambis_rebornApp.swift; sourceTree = "<group>"; };
		905DE8B72693311600E7011C /* ContentView.swift */ = {isa = PBXFileReference; lastKnownFileType = sourcecode.swift; path = ContentView.swift; sourceTree = "<group>"; };
		905DE8B92693311700E7011C /* Assets.xcassets */ = {isa = PBXFileReference; lastKnownFileType = folder.assetcatalog; path = Assets.xcassets; sourceTree = "<group>"; };
		905DE8BC2693311700E7011C /* Preview Assets.xcassets */ = {isa = PBXFileReference; lastKnownFileType = folder.assetcatalog; path = "Preview Assets.xcassets"; sourceTree = "<group>"; };
		905DE8BE2693311700E7011C /* Info.plist */ = {isa = PBXFileReference; lastKnownFileType = text.plist.xml; path = Info.plist; sourceTree = "<group>"; };
		905DE8C7269332D300E7011C /* TabBarView.swift */ = {isa = PBXFileReference; lastKnownFileType = sourcecode.swift; path = TabBarView.swift; sourceTree = "<group>"; };
		905DE8CB2693333C00E7011C /* InventoryView.swift */ = {isa = PBXFileReference; lastKnownFileType = sourcecode.swift; path = InventoryView.swift; sourceTree = "<group>"; };
		905DE8CD2693334A00E7011C /* CategoryView.swift */ = {isa = PBXFileReference; lastKnownFileType = sourcecode.swift; path = CategoryView.swift; sourceTree = "<group>"; };
		905DE8D02693E54F00E7011C /* ambis-reborn.xcdatamodel */ = {isa = PBXFileReference; lastKnownFileType = wrapper.xcdatamodel; path = "ambis-reborn.xcdatamodel"; sourceTree = "<group>"; };
		905DE8D62693E93B00E7011C /* CategoryListView.swift */ = {isa = PBXFileReference; lastKnownFileType = sourcecode.swift; path = CategoryListView.swift; sourceTree = "<group>"; };
		9065A5F826A9738800BAD3A6 /* InventoryListFilterView.swift */ = {isa = PBXFileReference; lastKnownFileType = sourcecode.swift; path = InventoryListFilterView.swift; sourceTree = "<group>"; };
		9065A5FE26AA25EC00BAD3A6 /* widgetExtension.appex */ = {isa = PBXFileReference; explicitFileType = "wrapper.app-extension"; includeInIndex = 0; path = widgetExtension.appex; sourceTree = BUILT_PRODUCTS_DIR; };
		9065A60026AA25EC00BAD3A6 /* WidgetKit.framework */ = {isa = PBXFileReference; lastKnownFileType = wrapper.framework; name = WidgetKit.framework; path = System/Library/Frameworks/WidgetKit.framework; sourceTree = SDKROOT; };
		9065A60226AA25EC00BAD3A6 /* SwiftUI.framework */ = {isa = PBXFileReference; lastKnownFileType = wrapper.framework; name = SwiftUI.framework; path = System/Library/Frameworks/SwiftUI.framework; sourceTree = SDKROOT; };
		9065A60526AA25EC00BAD3A6 /* widget.swift */ = {isa = PBXFileReference; lastKnownFileType = sourcecode.swift; path = widget.swift; sourceTree = "<group>"; };
		9065A60726AA25EC00BAD3A6 /* widget.intentdefinition */ = {isa = PBXFileReference; lastKnownFileType = file.intentdefinition; path = widget.intentdefinition; sourceTree = "<group>"; };
		9065A60826AA25EE00BAD3A6 /* Assets.xcassets */ = {isa = PBXFileReference; lastKnownFileType = folder.assetcatalog; path = Assets.xcassets; sourceTree = "<group>"; };
		9065A60A26AA25EE00BAD3A6 /* Info.plist */ = {isa = PBXFileReference; lastKnownFileType = text.plist.xml; path = Info.plist; sourceTree = "<group>"; };
		9070148A269E160200F8981A /* InventoryCategoryListView.swift */ = {isa = PBXFileReference; lastKnownFileType = sourcecode.swift; path = InventoryCategoryListView.swift; sourceTree = "<group>"; };
		9070148C269ECC0B00F8981A /* InventoryFormEditView.swift */ = {isa = PBXFileReference; lastKnownFileType = sourcecode.swift; path = InventoryFormEditView.swift; sourceTree = "<group>"; };
		9070148E269F5D4200F8981A /* Global.swift */ = {isa = PBXFileReference; lastKnownFileType = sourcecode.swift; path = Global.swift; sourceTree = "<group>"; };
		90706CB126A5726200471700 /* InventoryListExpiryView.swift */ = {isa = PBXFileReference; lastKnownFileType = sourcecode.swift; path = InventoryListExpiryView.swift; sourceTree = "<group>"; };
		9082AE9A2693F479009A7161 /* SearchBar.swift */ = {isa = PBXFileReference; lastKnownFileType = sourcecode.swift; path = SearchBar.swift; sourceTree = "<group>"; };
		9082AE9C2693F4AB009A7161 /* Extension.swift */ = {isa = PBXFileReference; lastKnownFileType = sourcecode.swift; path = Extension.swift; sourceTree = "<group>"; };
		9082AE9E2693F4F5009A7161 /* ViewControllerResolver.swift */ = {isa = PBXFileReference; lastKnownFileType = sourcecode.swift; path = ViewControllerResolver.swift; sourceTree = "<group>"; };
		90905AD1269D386600D8A500 /* Notification.swift */ = {isa = PBXFileReference; lastKnownFileType = sourcecode.swift; path = Notification.swift; sourceTree = "<group>"; };
		9090AC952699222D008AF935 /* Persistence.swift */ = {isa = PBXFileReference; lastKnownFileType = sourcecode.swift; path = Persistence.swift; sourceTree = "<group>"; };
		9090AC9726993F6C008AF935 /* InventoryViewModel.swift */ = {isa = PBXFileReference; lastKnownFileType = sourcecode.swift; path = InventoryViewModel.swift; sourceTree = "<group>"; };
		9090AC9926993FA7008AF935 /* InventoryModel.swift */ = {isa = PBXFileReference; lastKnownFileType = sourcecode.swift; path = InventoryModel.swift; sourceTree = "<group>"; };
		9090AC9B269948E3008AF935 /* InventoryFormView.swift */ = {isa = PBXFileReference; lastKnownFileType = sourcecode.swift; path = InventoryFormView.swift; sourceTree = "<group>"; };
		9090AC9D269948F0008AF935 /* InventoryListView.swift */ = {isa = PBXFileReference; lastKnownFileType = sourcecode.swift; path = InventoryListView.swift; sourceTree = "<group>"; };
		9090AC9F26994AB1008AF935 /* InventoryListEmptyView.swift */ = {isa = PBXFileReference; lastKnownFileType = sourcecode.swift; path = InventoryListEmptyView.swift; sourceTree = "<group>"; };
		9090ACA126997208008AF935 /* FoodCategoryModel.swift */ = {isa = PBXFileReference; lastKnownFileType = sourcecode.swift; path = FoodCategoryModel.swift; sourceTree = "<group>"; };
		90AD5EFF26976BF000E98152 /* CategoryFormView.swift */ = {isa = PBXFileReference; lastKnownFileType = sourcecode.swift; path = CategoryFormView.swift; sourceTree = "<group>"; };
		90AD5F012697736900E98152 /* CategoryViewModel.swift */ = {isa = PBXFileReference; lastKnownFileType = sourcecode.swift; path = CategoryViewModel.swift; sourceTree = "<group>"; };
		90E8F2E526B16563002BCBDE /* PrepareView.swift */ = {isa = PBXFileReference; lastKnownFileType = sourcecode.swift; path = PrepareView.swift; sourceTree = "<group>"; };
		90E8F2E726B17047002BCBDE /* PrepareFilterView.swift */ = {isa = PBXFileReference; lastKnownFileType = sourcecode.swift; path = PrepareFilterView.swift; sourceTree = "<group>"; };
		90E8F2E926B21872002BCBDE /* PrepareListExpiryView.swift */ = {isa = PBXFileReference; lastKnownFileType = sourcecode.swift; path = PrepareListExpiryView.swift; sourceTree = "<group>"; };
		90E8F2EB26B21880002BCBDE /* PrepareListView.swift */ = {isa = PBXFileReference; lastKnownFileType = sourcecode.swift; path = PrepareListView.swift; sourceTree = "<group>"; };
		90E8F2ED26B22757002BCBDE /* PrepareListFilterView.swift */ = {isa = PBXFileReference; lastKnownFileType = sourcecode.swift; path = PrepareListFilterView.swift; sourceTree = "<group>"; };
/* End PBXFileReference section */

/* Begin PBXFrameworksBuildPhase section */
		905DE8AF2693311500E7011C /* Frameworks */ = {
			isa = PBXFrameworksBuildPhase;
			buildActionMask = 2147483647;
			files = (
			);
			runOnlyForDeploymentPostprocessing = 0;
		};
		9065A5FB26AA25EC00BAD3A6 /* Frameworks */ = {
			isa = PBXFrameworksBuildPhase;
			buildActionMask = 2147483647;
			files = (
				9065A60326AA25EC00BAD3A6 /* SwiftUI.framework in Frameworks */,
				9065A60126AA25EC00BAD3A6 /* WidgetKit.framework in Frameworks */,
			);
			runOnlyForDeploymentPostprocessing = 0;
		};
/* End PBXFrameworksBuildPhase section */

/* Begin PBXGroup section */
		905DE8A92693311500E7011C = {
			isa = PBXGroup;
			children = (
				900D341126B854330052CF5D /* widgetExtension.entitlements */,
				905DE8B42693311500E7011C /* ambis-reborn */,
				9065A60426AA25EC00BAD3A6 /* widget */,
				9065A5FF26AA25EC00BAD3A6 /* Frameworks */,
				905DE8B32693311500E7011C /* Products */,
			);
			sourceTree = "<group>";
		};
		905DE8B32693311500E7011C /* Products */ = {
			isa = PBXGroup;
			children = (
				905DE8B22693311500E7011C /* ambis-reborn.app */,
				9065A5FE26AA25EC00BAD3A6 /* widgetExtension.appex */,
			);
			name = Products;
			sourceTree = "<group>";
		};
		905DE8B42693311500E7011C /* ambis-reborn */ = {
			isa = PBXGroup;
			children = (
				900D341026B8541F0052CF5D /* ambis-reborn.entitlements */,
				905DE8C62693321200E7011C /* viewModel */,
				905DE8C5269331FF00E7011C /* view */,
				905DE8C4269331F900E7011C /* model */,
				905DE8B52693311600E7011C /* ambis_rebornApp.swift */,
				905DE8B72693311600E7011C /* ContentView.swift */,
				905DE8B92693311700E7011C /* Assets.xcassets */,
				905DE8BE2693311700E7011C /* Info.plist */,
				905DE8BB2693311700E7011C /* Preview Content */,
			);
			path = "ambis-reborn";
			sourceTree = "<group>";
		};
		905DE8BB2693311700E7011C /* Preview Content */ = {
			isa = PBXGroup;
			children = (
				905DE8BC2693311700E7011C /* Preview Assets.xcassets */,
			);
			path = "Preview Content";
			sourceTree = "<group>";
		};
		905DE8C4269331F900E7011C /* model */ = {
			isa = PBXGroup;
			children = (
				9020094126C1A02100AB0A5F /* ClassifierData.mlmodel */,
				9090AC952699222D008AF935 /* Persistence.swift */,
				905DE8CF2693E54F00E7011C /* CoreData.xcdatamodeld */,
				9090AC9926993FA7008AF935 /* InventoryModel.swift */,
				302C8E0E26BD1E07009EBA28 /* RecipeModel.swift */,
				302C8E1026BD2137009EBA28 /* IngredientModel.swift */,
				307C551D269E077700DD6FC3 /* ShoppingModel.swift */,
				9090ACA126997208008AF935 /* FoodCategoryModel.swift */,
				9070148E269F5D4200F8981A /* Global.swift */,
				900D341226B855AE0052CF5D /* WidgetInventoryModel.swift */,
			);
			path = model;
			sourceTree = "<group>";
		};
		905DE8C5269331FF00E7011C /* view */ = {
			isa = PBXGroup;
			children = (
				90E8F2E226B164C5002BCBDE /* Prepare */,
				90E8F2E426B16540002BCBDE /* Recipe */,
				90905AD4269D66FA00D8A500 /* Shopping */,
				90905AD3269D66EF00D8A500 /* Summary */,
				905DE8CA2693332C00E7011C /* Category */,
				905DE8C92693332000E7011C /* Inventory */,
				905DE8C7269332D300E7011C /* TabBarView.swift */,
				9082AE9A2693F479009A7161 /* SearchBar.swift */,
				9082AE9C2693F4AB009A7161 /* Extension.swift */,
				9082AE9E2693F4F5009A7161 /* ViewControllerResolver.swift */,
				90905AD1269D386600D8A500 /* Notification.swift */,
				900D340C26B832500052CF5D /* GlobalView.swift */,
			);
			path = view;
			sourceTree = "<group>";
		};
		905DE8C62693321200E7011C /* viewModel */ = {
			isa = PBXGroup;
			children = (
				90AD5F012697736900E98152 /* CategoryViewModel.swift */,
				9090AC9726993F6C008AF935 /* InventoryViewModel.swift */,
				307C551B269E076B00DD6FC3 /* ShoppingViewModel.swift */,
				302C8E1226C112D7009EBA28 /* RecipeViewModel.swift */,
				900D341626B857C80052CF5D /* WidgetInventoryViewModel.swift */,
			);
			path = viewModel;
			sourceTree = "<group>";
		};
		905DE8C92693332000E7011C /* Inventory */ = {
			isa = PBXGroup;
			children = (
				905DE8CB2693333C00E7011C /* InventoryView.swift */,
				9090AC9B269948E3008AF935 /* InventoryFormView.swift */,
				9070148C269ECC0B00F8981A /* InventoryFormEditView.swift */,
				9090AC9D269948F0008AF935 /* InventoryListView.swift */,
				90706CB126A5726200471700 /* InventoryListExpiryView.swift */,
				9090AC9F26994AB1008AF935 /* InventoryListEmptyView.swift */,
				9070148A269E160200F8981A /* InventoryCategoryListView.swift */,
				9047D1E526A488F200511A25 /* InventoryFilterView.swift */,
				9065A5F826A9738800BAD3A6 /* InventoryListFilterView.swift */,
			);
			path = Inventory;
			sourceTree = "<group>";
		};
		905DE8CA2693332C00E7011C /* Category */ = {
			isa = PBXGroup;
			children = (
				905DE8CD2693334A00E7011C /* CategoryView.swift */,
				905DE8D62693E93B00E7011C /* CategoryListView.swift */,
				90AD5EFF26976BF000E98152 /* CategoryFormView.swift */,
			);
			path = Category;
			sourceTree = "<group>";
		};
		9065A5FF26AA25EC00BAD3A6 /* Frameworks */ = {
			isa = PBXGroup;
			children = (
				9065A60026AA25EC00BAD3A6 /* WidgetKit.framework */,
				9065A60226AA25EC00BAD3A6 /* SwiftUI.framework */,
			);
			name = Frameworks;
			sourceTree = "<group>";
		};
		9065A60426AA25EC00BAD3A6 /* widget */ = {
			isa = PBXGroup;
			children = (
				9065A60526AA25EC00BAD3A6 /* widget.swift */,
				9065A60726AA25EC00BAD3A6 /* widget.intentdefinition */,
				9065A60826AA25EE00BAD3A6 /* Assets.xcassets */,
				9065A60A26AA25EE00BAD3A6 /* Info.plist */,
			);
			path = widget;
			sourceTree = "<group>";
		};
		90905AD3269D66EF00D8A500 /* Summary */ = {
			isa = PBXGroup;
			children = (
			);
			path = Summary;
			sourceTree = "<group>";
		};
		90905AD4269D66FA00D8A500 /* Shopping */ = {
			isa = PBXGroup;
			children = (
				307C5519269E070F00DD6FC3 /* ShoppingView.swift */,
				307C5523269E9C2E00DD6FC3 /* ShoppingFormView.swift */,
				307C5521269E99AE00DD6FC3 /* ShoppingListView.swift */,
				307C551F269E946500DD6FC3 /* ShoppingListEmptyView.swift */,
				30CD65CA26A03F4D003CA34A /* ShoppingToInventoryView.swift */,
				30CD65CC26A04263003CA34A /* ShoppingToInventoryListView.swift */,
			);
			path = Shopping;
			sourceTree = "<group>";
		};
		90E8F2E226B164C5002BCBDE /* Prepare */ = {
			isa = PBXGroup;
			children = (
				90E8F2E526B16563002BCBDE /* PrepareView.swift */,
				90E8F2E726B17047002BCBDE /* PrepareFilterView.swift */,
				90E8F2E926B21872002BCBDE /* PrepareListExpiryView.swift */,
				90E8F2EB26B21880002BCBDE /* PrepareListView.swift */,
				90E8F2ED26B22757002BCBDE /* PrepareListFilterView.swift */,
			);
			path = Prepare;
			sourceTree = "<group>";
		};
		90E8F2E426B16540002BCBDE /* Recipe */ = {
			isa = PBXGroup;
			children = (
				3041C82026B28DB100E2B156 /* RecipeView.swift */,
				3041C82426B29AC800E2B156 /* IngredientListCellView.swift */,
				30C5329226BA6FE5004F1E3F /* CookingStepView.swift */,
				3041C82226B2990500E2B156 /* IngredientSample.swift */,
				3041C82626B2A07700E2B156 /* RecipeSample.swift */,
				0E20A2AE26B285BF0012F3C6 /* RecipeListView.swift */,
				0E20A2B126B2B23D0012F3C6 /* RecipeListItemView.swift */,
				0EE5F00626B7EBF000D81C8D /* RecipeSortView.swift */,
				0EE5F00A26B8086F00D81C8D /* RecipeSortSample.swift */,
				90505E1E26B9564E00F0415A /* DataRecipe.swift */,
			);
			path = Recipe;
			sourceTree = "<group>";
		};
/* End PBXGroup section */

/* Begin PBXNativeTarget section */
		905DE8B12693311500E7011C /* ambis-reborn */ = {
			isa = PBXNativeTarget;
			buildConfigurationList = 905DE8C12693311700E7011C /* Build configuration list for PBXNativeTarget "ambis-reborn" */;
			buildPhases = (
				905DE8AE2693311500E7011C /* Sources */,
				905DE8AF2693311500E7011C /* Frameworks */,
				905DE8B02693311500E7011C /* Resources */,
				9065A61026AA25EE00BAD3A6 /* Embed App Extensions */,
			);
			buildRules = (
			);
			dependencies = (
				9065A60E26AA25EE00BAD3A6 /* PBXTargetDependency */,
			);
			name = "ambis-reborn";
			productName = "ambis-reborn";
			productReference = 905DE8B22693311500E7011C /* ambis-reborn.app */;
			productType = "com.apple.product-type.application";
		};
		9065A5FD26AA25EC00BAD3A6 /* widgetExtension */ = {
			isa = PBXNativeTarget;
			buildConfigurationList = 9065A61326AA25EE00BAD3A6 /* Build configuration list for PBXNativeTarget "widgetExtension" */;
			buildPhases = (
				9065A5FA26AA25EC00BAD3A6 /* Sources */,
				9065A5FB26AA25EC00BAD3A6 /* Frameworks */,
				9065A5FC26AA25EC00BAD3A6 /* Resources */,
			);
			buildRules = (
			);
			dependencies = (
			);
			name = widgetExtension;
			productName = widgetExtension;
			productReference = 9065A5FE26AA25EC00BAD3A6 /* widgetExtension.appex */;
			productType = "com.apple.product-type.app-extension";
		};
/* End PBXNativeTarget section */

/* Begin PBXProject section */
		905DE8AA2693311500E7011C /* Project object */ = {
			isa = PBXProject;
			attributes = {
				LastSwiftUpdateCheck = 1250;
				LastUpgradeCheck = 1250;
				TargetAttributes = {
					905DE8B12693311500E7011C = {
						CreatedOnToolsVersion = 12.5.1;
					};
					9065A5FD26AA25EC00BAD3A6 = {
						CreatedOnToolsVersion = 12.5.1;
					};
				};
			};
			buildConfigurationList = 905DE8AD2693311500E7011C /* Build configuration list for PBXProject "ambis-reborn" */;
			compatibilityVersion = "Xcode 9.3";
			developmentRegion = en;
			hasScannedForEncodings = 0;
			knownRegions = (
				en,
				Base,
			);
			mainGroup = 905DE8A92693311500E7011C;
			productRefGroup = 905DE8B32693311500E7011C /* Products */;
			projectDirPath = "";
			projectRoot = "";
			targets = (
				905DE8B12693311500E7011C /* ambis-reborn */,
				9065A5FD26AA25EC00BAD3A6 /* widgetExtension */,
			);
		};
/* End PBXProject section */

/* Begin PBXResourcesBuildPhase section */
		905DE8B02693311500E7011C /* Resources */ = {
			isa = PBXResourcesBuildPhase;
			buildActionMask = 2147483647;
			files = (
				905DE8BD2693311700E7011C /* Preview Assets.xcassets in Resources */,
				905DE8BA2693311700E7011C /* Assets.xcassets in Resources */,
			);
			runOnlyForDeploymentPostprocessing = 0;
		};
		9065A5FC26AA25EC00BAD3A6 /* Resources */ = {
			isa = PBXResourcesBuildPhase;
			buildActionMask = 2147483647;
			files = (
				9065A60926AA25EE00BAD3A6 /* Assets.xcassets in Resources */,
			);
			runOnlyForDeploymentPostprocessing = 0;
		};
/* End PBXResourcesBuildPhase section */

/* Begin PBXSourcesBuildPhase section */
		905DE8AE2693311500E7011C /* Sources */ = {
			isa = PBXSourcesBuildPhase;
			buildActionMask = 2147483647;
			files = (
				3041C82326B2990500E2B156 /* IngredientSample.swift in Sources */,
				30CD65CB26A03F4D003CA34A /* ShoppingToInventoryView.swift in Sources */,
				0E20A2AF26B285BF0012F3C6 /* RecipeListView.swift in Sources */,
				30C5329326BA6FE5004F1E3F /* CookingStepView.swift in Sources */,
				9082AE9D2693F4AB009A7161 /* Extension.swift in Sources */,
				900D341726B857C80052CF5D /* WidgetInventoryViewModel.swift in Sources */,
				905DE8B82693311600E7011C /* ContentView.swift in Sources */,
				9047D1E626A488F200511A25 /* InventoryFilterView.swift in Sources */,
				9090AC9E269948F0008AF935 /* InventoryListView.swift in Sources */,
				9065A5F926A9738800BAD3A6 /* InventoryListFilterView.swift in Sources */,
				9090ACA026994AB1008AF935 /* InventoryListEmptyView.swift in Sources */,
				90AD5F0026976BF000E98152 /* CategoryFormView.swift in Sources */,
				905DE8C8269332D300E7011C /* TabBarView.swift in Sources */,
				90AD5F022697736900E98152 /* CategoryViewModel.swift in Sources */,
				900D340D26B832500052CF5D /* GlobalView.swift in Sources */,
				90E8F2EA26B21872002BCBDE /* PrepareListExpiryView.swift in Sources */,
				0E20A2B226B2B23D0012F3C6 /* RecipeListItemView.swift in Sources */,
				90E8F2E626B16563002BCBDE /* PrepareView.swift in Sources */,
				905DE8D72693E93B00E7011C /* CategoryListView.swift in Sources */,
				3041C82126B28DB100E2B156 /* RecipeView.swift in Sources */,
				3041C82726B2A07700E2B156 /* RecipeSample.swift in Sources */,
				307C5522269E99AE00DD6FC3 /* ShoppingListView.swift in Sources */,
				307C551C269E076B00DD6FC3 /* ShoppingViewModel.swift in Sources */,
				905DE8D12693E54F00E7011C /* CoreData.xcdatamodeld in Sources */,
				9090AC962699222D008AF935 /* Persistence.swift in Sources */,
				9090AC9A26993FA7008AF935 /* InventoryModel.swift in Sources */,
				0EE5F00726B7EBF000D81C8D /* RecipeSortView.swift in Sources */,
				307C551A269E070F00DD6FC3 /* ShoppingView.swift in Sources */,
				3041C82526B29AC800E2B156 /* IngredientListCellView.swift in Sources */,
				307C5524269E9C2E00DD6FC3 /* ShoppingFormView.swift in Sources */,
				9070148F269F5D4200F8981A /* Global.swift in Sources */,
				905DE8B62693311600E7011C /* ambis_rebornApp.swift in Sources */,
				307C551E269E077700DD6FC3 /* ShoppingModel.swift in Sources */,
				9020094226C1A02100AB0A5F /* ClassifierData.mlmodel in Sources */,
				30CD65CD26A04263003CA34A /* ShoppingToInventoryListView.swift in Sources */,
				9082AE9F2693F4F5009A7161 /* ViewControllerResolver.swift in Sources */,
				90E8F2EC26B21880002BCBDE /* PrepareListView.swift in Sources */,
				9082AE9B2693F479009A7161 /* SearchBar.swift in Sources */,
				90706CB226A5726200471700 /* InventoryListExpiryView.swift in Sources */,
				900D341326B855AE0052CF5D /* WidgetInventoryModel.swift in Sources */,
				302C8E1126BD2137009EBA28 /* IngredientModel.swift in Sources */,
				0EE5F00B26B8086F00D81C8D /* RecipeSortSample.swift in Sources */,
				905DE8CC2693333C00E7011C /* InventoryView.swift in Sources */,
				90E8F2E826B17047002BCBDE /* PrepareFilterView.swift in Sources */,
				90505E1F26B9564E00F0415A /* DataRecipe.swift in Sources */,
				9065A60C26AA25EE00BAD3A6 /* widget.intentdefinition in Sources */,
				905DE8CE2693334A00E7011C /* CategoryView.swift in Sources */,
				307C5520269E946500DD6FC3 /* ShoppingListEmptyView.swift in Sources */,
				90905AD2269D386600D8A500 /* Notification.swift in Sources */,
				90E8F2EE26B22757002BCBDE /* PrepareListFilterView.swift in Sources */,
				9090AC9826993F6C008AF935 /* InventoryViewModel.swift in Sources */,
				9070148B269E160200F8981A /* InventoryCategoryListView.swift in Sources */,
				9070148D269ECC0B00F8981A /* InventoryFormEditView.swift in Sources */,
				302C8E1326C112D7009EBA28 /* RecipeViewModel.swift in Sources */,
				9090ACA226997208008AF935 /* FoodCategoryModel.swift in Sources */,
				9090AC9C269948E3008AF935 /* InventoryFormView.swift in Sources */,
				302C8E0F26BD1E07009EBA28 /* RecipeModel.swift in Sources */,
			);
			runOnlyForDeploymentPostprocessing = 0;
		};
		9065A5FA26AA25EC00BAD3A6 /* Sources */ = {
			isa = PBXSourcesBuildPhase;
			buildActionMask = 2147483647;
			files = (
				900D341426B855F40052CF5D /* WidgetInventoryModel.swift in Sources */,
				900D341826B857F50052CF5D /* WidgetInventoryViewModel.swift in Sources */,
				9065A60B26AA25EE00BAD3A6 /* widget.intentdefinition in Sources */,
				9065A60626AA25EC00BAD3A6 /* widget.swift in Sources */,
			);
			runOnlyForDeploymentPostprocessing = 0;
		};
/* End PBXSourcesBuildPhase section */

/* Begin PBXTargetDependency section */
		9065A60E26AA25EE00BAD3A6 /* PBXTargetDependency */ = {
			isa = PBXTargetDependency;
			target = 9065A5FD26AA25EC00BAD3A6 /* widgetExtension */;
			targetProxy = 9065A60D26AA25EE00BAD3A6 /* PBXContainerItemProxy */;
		};
/* End PBXTargetDependency section */

/* Begin XCBuildConfiguration section */
		905DE8BF2693311700E7011C /* Debug */ = {
			isa = XCBuildConfiguration;
			buildSettings = {
				ALWAYS_SEARCH_USER_PATHS = NO;
				CLANG_ANALYZER_NONNULL = YES;
				CLANG_ANALYZER_NUMBER_OBJECT_CONVERSION = YES_AGGRESSIVE;
				CLANG_CXX_LANGUAGE_STANDARD = "gnu++14";
				CLANG_CXX_LIBRARY = "libc++";
				CLANG_ENABLE_MODULES = YES;
				CLANG_ENABLE_OBJC_ARC = YES;
				CLANG_ENABLE_OBJC_WEAK = YES;
				CLANG_WARN_BLOCK_CAPTURE_AUTORELEASING = YES;
				CLANG_WARN_BOOL_CONVERSION = YES;
				CLANG_WARN_COMMA = YES;
				CLANG_WARN_CONSTANT_CONVERSION = YES;
				CLANG_WARN_DEPRECATED_OBJC_IMPLEMENTATIONS = YES;
				CLANG_WARN_DIRECT_OBJC_ISA_USAGE = YES_ERROR;
				CLANG_WARN_DOCUMENTATION_COMMENTS = YES;
				CLANG_WARN_EMPTY_BODY = YES;
				CLANG_WARN_ENUM_CONVERSION = YES;
				CLANG_WARN_INFINITE_RECURSION = YES;
				CLANG_WARN_INT_CONVERSION = YES;
				CLANG_WARN_NON_LITERAL_NULL_CONVERSION = YES;
				CLANG_WARN_OBJC_IMPLICIT_RETAIN_SELF = YES;
				CLANG_WARN_OBJC_LITERAL_CONVERSION = YES;
				CLANG_WARN_OBJC_ROOT_CLASS = YES_ERROR;
				CLANG_WARN_QUOTED_INCLUDE_IN_FRAMEWORK_HEADER = YES;
				CLANG_WARN_RANGE_LOOP_ANALYSIS = YES;
				CLANG_WARN_STRICT_PROTOTYPES = YES;
				CLANG_WARN_SUSPICIOUS_MOVE = YES;
				CLANG_WARN_UNGUARDED_AVAILABILITY = YES_AGGRESSIVE;
				CLANG_WARN_UNREACHABLE_CODE = YES;
				CLANG_WARN__DUPLICATE_METHOD_MATCH = YES;
				COPY_PHASE_STRIP = NO;
				DEBUG_INFORMATION_FORMAT = dwarf;
				ENABLE_STRICT_OBJC_MSGSEND = YES;
				ENABLE_TESTABILITY = YES;
				GCC_C_LANGUAGE_STANDARD = gnu11;
				GCC_DYNAMIC_NO_PIC = NO;
				GCC_NO_COMMON_BLOCKS = YES;
				GCC_OPTIMIZATION_LEVEL = 0;
				GCC_PREPROCESSOR_DEFINITIONS = (
					"DEBUG=1",
					"$(inherited)",
				);
				GCC_WARN_64_TO_32_BIT_CONVERSION = YES;
				GCC_WARN_ABOUT_RETURN_TYPE = YES_ERROR;
				GCC_WARN_UNDECLARED_SELECTOR = YES;
				GCC_WARN_UNINITIALIZED_AUTOS = YES_AGGRESSIVE;
				GCC_WARN_UNUSED_FUNCTION = YES;
				GCC_WARN_UNUSED_VARIABLE = YES;
				IPHONEOS_DEPLOYMENT_TARGET = 14.5;
				MTL_ENABLE_DEBUG_INFO = INCLUDE_SOURCE;
				MTL_FAST_MATH = YES;
				ONLY_ACTIVE_ARCH = YES;
				SDKROOT = iphoneos;
				SWIFT_ACTIVE_COMPILATION_CONDITIONS = DEBUG;
				SWIFT_OPTIMIZATION_LEVEL = "-Onone";
			};
			name = Debug;
		};
		905DE8C02693311700E7011C /* Release */ = {
			isa = XCBuildConfiguration;
			buildSettings = {
				ALWAYS_SEARCH_USER_PATHS = NO;
				CLANG_ANALYZER_NONNULL = YES;
				CLANG_ANALYZER_NUMBER_OBJECT_CONVERSION = YES_AGGRESSIVE;
				CLANG_CXX_LANGUAGE_STANDARD = "gnu++14";
				CLANG_CXX_LIBRARY = "libc++";
				CLANG_ENABLE_MODULES = YES;
				CLANG_ENABLE_OBJC_ARC = YES;
				CLANG_ENABLE_OBJC_WEAK = YES;
				CLANG_WARN_BLOCK_CAPTURE_AUTORELEASING = YES;
				CLANG_WARN_BOOL_CONVERSION = YES;
				CLANG_WARN_COMMA = YES;
				CLANG_WARN_CONSTANT_CONVERSION = YES;
				CLANG_WARN_DEPRECATED_OBJC_IMPLEMENTATIONS = YES;
				CLANG_WARN_DIRECT_OBJC_ISA_USAGE = YES_ERROR;
				CLANG_WARN_DOCUMENTATION_COMMENTS = YES;
				CLANG_WARN_EMPTY_BODY = YES;
				CLANG_WARN_ENUM_CONVERSION = YES;
				CLANG_WARN_INFINITE_RECURSION = YES;
				CLANG_WARN_INT_CONVERSION = YES;
				CLANG_WARN_NON_LITERAL_NULL_CONVERSION = YES;
				CLANG_WARN_OBJC_IMPLICIT_RETAIN_SELF = YES;
				CLANG_WARN_OBJC_LITERAL_CONVERSION = YES;
				CLANG_WARN_OBJC_ROOT_CLASS = YES_ERROR;
				CLANG_WARN_QUOTED_INCLUDE_IN_FRAMEWORK_HEADER = YES;
				CLANG_WARN_RANGE_LOOP_ANALYSIS = YES;
				CLANG_WARN_STRICT_PROTOTYPES = YES;
				CLANG_WARN_SUSPICIOUS_MOVE = YES;
				CLANG_WARN_UNGUARDED_AVAILABILITY = YES_AGGRESSIVE;
				CLANG_WARN_UNREACHABLE_CODE = YES;
				CLANG_WARN__DUPLICATE_METHOD_MATCH = YES;
				COPY_PHASE_STRIP = NO;
				DEBUG_INFORMATION_FORMAT = "dwarf-with-dsym";
				ENABLE_NS_ASSERTIONS = NO;
				ENABLE_STRICT_OBJC_MSGSEND = YES;
				GCC_C_LANGUAGE_STANDARD = gnu11;
				GCC_NO_COMMON_BLOCKS = YES;
				GCC_WARN_64_TO_32_BIT_CONVERSION = YES;
				GCC_WARN_ABOUT_RETURN_TYPE = YES_ERROR;
				GCC_WARN_UNDECLARED_SELECTOR = YES;
				GCC_WARN_UNINITIALIZED_AUTOS = YES_AGGRESSIVE;
				GCC_WARN_UNUSED_FUNCTION = YES;
				GCC_WARN_UNUSED_VARIABLE = YES;
				IPHONEOS_DEPLOYMENT_TARGET = 14.5;
				MTL_ENABLE_DEBUG_INFO = NO;
				MTL_FAST_MATH = YES;
				SDKROOT = iphoneos;
				SWIFT_COMPILATION_MODE = wholemodule;
				SWIFT_OPTIMIZATION_LEVEL = "-O";
				VALIDATE_PRODUCT = YES;
			};
			name = Release;
		};
		905DE8C22693311700E7011C /* Debug */ = {
			isa = XCBuildConfiguration;
			buildSettings = {
				ALWAYS_EMBED_SWIFT_STANDARD_LIBRARIES = YES;
				ASSETCATALOG_COMPILER_APPICON_NAME = AppIcon;
				ASSETCATALOG_COMPILER_GLOBAL_ACCENT_COLOR_NAME = AccentColor;
				CODE_SIGN_ENTITLEMENTS = "ambis-reborn/ambis-reborn.entitlements";
				CODE_SIGN_STYLE = Automatic;
				CURRENT_PROJECT_VERSION = 5;
				DEVELOPMENT_ASSET_PATHS = "\"ambis-reborn/Preview Content\"";
				DEVELOPMENT_TEAM = J35A6FFNU8;
				ENABLE_PREVIEWS = YES;
				INFOPLIST_FILE = "ambis-reborn/Info.plist";
				IPHONEOS_DEPLOYMENT_TARGET = 14.0;
				LD_RUNPATH_SEARCH_PATHS = (
					"$(inherited)",
					"@executable_path/Frameworks",
				);
				MARKETING_VERSION = 0.1.0;
				PRODUCT_BUNDLE_IDENTIFIER = "com.ambis-reborn";
				PRODUCT_NAME = "$(TARGET_NAME)";
				SWIFT_VERSION = 5.0;
				TARGETED_DEVICE_FAMILY = 1;
			};
			name = Debug;
		};
		905DE8C32693311700E7011C /* Release */ = {
			isa = XCBuildConfiguration;
			buildSettings = {
				ALWAYS_EMBED_SWIFT_STANDARD_LIBRARIES = YES;
				ASSETCATALOG_COMPILER_APPICON_NAME = AppIcon;
				ASSETCATALOG_COMPILER_GLOBAL_ACCENT_COLOR_NAME = AccentColor;
				CODE_SIGN_ENTITLEMENTS = "ambis-reborn/ambis-reborn.entitlements";
				CODE_SIGN_STYLE = Automatic;
				CURRENT_PROJECT_VERSION = 5;
				DEVELOPMENT_ASSET_PATHS = "\"ambis-reborn/Preview Content\"";
				DEVELOPMENT_TEAM = J35A6FFNU8;
				ENABLE_PREVIEWS = YES;
				INFOPLIST_FILE = "ambis-reborn/Info.plist";
				IPHONEOS_DEPLOYMENT_TARGET = 14.0;
				LD_RUNPATH_SEARCH_PATHS = (
					"$(inherited)",
					"@executable_path/Frameworks",
				);
				MARKETING_VERSION = 0.1.0;
				PRODUCT_BUNDLE_IDENTIFIER = "com.ambis-reborn";
				PRODUCT_NAME = "$(TARGET_NAME)";
				SWIFT_VERSION = 5.0;
				TARGETED_DEVICE_FAMILY = 1;
			};
			name = Release;
		};
		9065A61126AA25EE00BAD3A6 /* Debug */ = {
			isa = XCBuildConfiguration;
			buildSettings = {
				ASSETCATALOG_COMPILER_GLOBAL_ACCENT_COLOR_NAME = AccentColor;
				ASSETCATALOG_COMPILER_WIDGET_BACKGROUND_COLOR_NAME = WidgetBackground;
				CODE_SIGN_ENTITLEMENTS = widgetExtension.entitlements;
				CODE_SIGN_STYLE = Automatic;
				DEVELOPMENT_TEAM = Q4FVKJHX54;
				INFOPLIST_FILE = widget/Info.plist;
				LD_RUNPATH_SEARCH_PATHS = (
					"$(inherited)",
					"@executable_path/Frameworks",
					"@executable_path/../../Frameworks",
				);
				PRODUCT_BUNDLE_IDENTIFIER = "com.ambis-reborn.widget";
				PRODUCT_NAME = "$(TARGET_NAME)";
				SKIP_INSTALL = YES;
				SWIFT_VERSION = 5.0;
				TARGETED_DEVICE_FAMILY = "1,2";
			};
			name = Debug;
		};
		9065A61226AA25EE00BAD3A6 /* Release */ = {
			isa = XCBuildConfiguration;
			buildSettings = {
				ASSETCATALOG_COMPILER_GLOBAL_ACCENT_COLOR_NAME = AccentColor;
				ASSETCATALOG_COMPILER_WIDGET_BACKGROUND_COLOR_NAME = WidgetBackground;
				CODE_SIGN_ENTITLEMENTS = widgetExtension.entitlements;
				CODE_SIGN_STYLE = Automatic;
				DEVELOPMENT_TEAM = Q4FVKJHX54;
				INFOPLIST_FILE = widget/Info.plist;
				LD_RUNPATH_SEARCH_PATHS = (
					"$(inherited)",
					"@executable_path/Frameworks",
					"@executable_path/../../Frameworks",
				);
				PRODUCT_BUNDLE_IDENTIFIER = "com.ambis-reborn.widget";
				PRODUCT_NAME = "$(TARGET_NAME)";
				SKIP_INSTALL = YES;
				SWIFT_VERSION = 5.0;
				TARGETED_DEVICE_FAMILY = "1,2";
			};
			name = Release;
		};
/* End XCBuildConfiguration section */

/* Begin XCConfigurationList section */
		905DE8AD2693311500E7011C /* Build configuration list for PBXProject "ambis-reborn" */ = {
			isa = XCConfigurationList;
			buildConfigurations = (
				905DE8BF2693311700E7011C /* Debug */,
				905DE8C02693311700E7011C /* Release */,
			);
			defaultConfigurationIsVisible = 0;
			defaultConfigurationName = Release;
		};
		905DE8C12693311700E7011C /* Build configuration list for PBXNativeTarget "ambis-reborn" */ = {
			isa = XCConfigurationList;
			buildConfigurations = (
				905DE8C22693311700E7011C /* Debug */,
				905DE8C32693311700E7011C /* Release */,
			);
			defaultConfigurationIsVisible = 0;
			defaultConfigurationName = Release;
		};
		9065A61326AA25EE00BAD3A6 /* Build configuration list for PBXNativeTarget "widgetExtension" */ = {
			isa = XCConfigurationList;
			buildConfigurations = (
				9065A61126AA25EE00BAD3A6 /* Debug */,
				9065A61226AA25EE00BAD3A6 /* Release */,
			);
			defaultConfigurationIsVisible = 0;
			defaultConfigurationName = Release;
		};
/* End XCConfigurationList section */

/* Begin XCVersionGroup section */
		905DE8CF2693E54F00E7011C /* CoreData.xcdatamodeld */ = {
			isa = XCVersionGroup;
			children = (
				905DE8D02693E54F00E7011C /* ambis-reborn.xcdatamodel */,
			);
			currentVersion = 905DE8D02693E54F00E7011C /* ambis-reborn.xcdatamodel */;
			path = CoreData.xcdatamodeld;
			sourceTree = "<group>";
			versionGroupType = wrapper.xcdatamodel;
		};
/* End XCVersionGroup section */
	};
	rootObject = 905DE8AA2693311500E7011C /* Project object */;
}
