// !$*UTF8*$!
{
	archiveVersion = 1;
	classes = {
	};
	objectVersion = 50;
	objects = {

/* Begin PBXBuildFile section */
		307C551A269E070F00DD6FC3 /* ShoppingView.swift in Sources */ = {isa = PBXBuildFile; fileRef = 307C5519269E070F00DD6FC3 /* ShoppingView.swift */; };
		307C551C269E076B00DD6FC3 /* ShoppingViewModel.swift in Sources */ = {isa = PBXBuildFile; fileRef = 307C551B269E076B00DD6FC3 /* ShoppingViewModel.swift */; };
		307C551E269E077700DD6FC3 /* ShoppingModel.swift in Sources */ = {isa = PBXBuildFile; fileRef = 307C551D269E077700DD6FC3 /* ShoppingModel.swift */; };
		307C5520269E946500DD6FC3 /* ShoppingListEmptyView.swift in Sources */ = {isa = PBXBuildFile; fileRef = 307C551F269E946500DD6FC3 /* ShoppingListEmptyView.swift */; };
		307C5522269E99AE00DD6FC3 /* ShoppingListView.swift in Sources */ = {isa = PBXBuildFile; fileRef = 307C5521269E99AE00DD6FC3 /* ShoppingListView.swift */; };
		307C5524269E9C2E00DD6FC3 /* ShoppingFormView.swift in Sources */ = {isa = PBXBuildFile; fileRef = 307C5523269E9C2E00DD6FC3 /* ShoppingFormView.swift */; };
		905DE8B62693311600E7011C /* ambis_rebornApp.swift in Sources */ = {isa = PBXBuildFile; fileRef = 905DE8B52693311600E7011C /* ambis_rebornApp.swift */; };
		905DE8B82693311600E7011C /* ContentView.swift in Sources */ = {isa = PBXBuildFile; fileRef = 905DE8B72693311600E7011C /* ContentView.swift */; };
		905DE8BA2693311700E7011C /* Assets.xcassets in Resources */ = {isa = PBXBuildFile; fileRef = 905DE8B92693311700E7011C /* Assets.xcassets */; };
		905DE8BD2693311700E7011C /* Preview Assets.xcassets in Resources */ = {isa = PBXBuildFile; fileRef = 905DE8BC2693311700E7011C /* Preview Assets.xcassets */; };
		905DE8C8269332D300E7011C /* TabBarView.swift in Sources */ = {isa = PBXBuildFile; fileRef = 905DE8C7269332D300E7011C /* TabBarView.swift */; };
		905DE8CC2693333C00E7011C /* InventoryView.swift in Sources */ = {isa = PBXBuildFile; fileRef = 905DE8CB2693333C00E7011C /* InventoryView.swift */; };
		905DE8CE2693334A00E7011C /* CategoryView.swift in Sources */ = {isa = PBXBuildFile; fileRef = 905DE8CD2693334A00E7011C /* CategoryView.swift */; };
		905DE8D12693E54F00E7011C /* CoreData.xcdatamodeld in Sources */ = {isa = PBXBuildFile; fileRef = 905DE8CF2693E54F00E7011C /* CoreData.xcdatamodeld */; };
		905DE8D72693E93B00E7011C /* CategoryListView.swift in Sources */ = {isa = PBXBuildFile; fileRef = 905DE8D62693E93B00E7011C /* CategoryListView.swift */; };
		9070148B269E160200F8981A /* InventoryCategoryListView.swift in Sources */ = {isa = PBXBuildFile; fileRef = 9070148A269E160200F8981A /* InventoryCategoryListView.swift */; };
		9082AE9B2693F479009A7161 /* SearchBar.swift in Sources */ = {isa = PBXBuildFile; fileRef = 9082AE9A2693F479009A7161 /* SearchBar.swift */; };
		9082AE9D2693F4AB009A7161 /* Extension.swift in Sources */ = {isa = PBXBuildFile; fileRef = 9082AE9C2693F4AB009A7161 /* Extension.swift */; };
		9082AE9F2693F4F5009A7161 /* ViewControllerResolver.swift in Sources */ = {isa = PBXBuildFile; fileRef = 9082AE9E2693F4F5009A7161 /* ViewControllerResolver.swift */; };
		90905AD2269D386600D8A500 /* Notification.swift in Sources */ = {isa = PBXBuildFile; fileRef = 90905AD1269D386600D8A500 /* Notification.swift */; };
		9090AC962699222D008AF935 /* Persistence.swift in Sources */ = {isa = PBXBuildFile; fileRef = 9090AC952699222D008AF935 /* Persistence.swift */; };
		9090AC9826993F6C008AF935 /* InventoryViewModel.swift in Sources */ = {isa = PBXBuildFile; fileRef = 9090AC9726993F6C008AF935 /* InventoryViewModel.swift */; };
		9090AC9A26993FA7008AF935 /* InventoryModel.swift in Sources */ = {isa = PBXBuildFile; fileRef = 9090AC9926993FA7008AF935 /* InventoryModel.swift */; };
		9090AC9C269948E3008AF935 /* InventoryFormView.swift in Sources */ = {isa = PBXBuildFile; fileRef = 9090AC9B269948E3008AF935 /* InventoryFormView.swift */; };
		9090AC9E269948F0008AF935 /* InventoryListView.swift in Sources */ = {isa = PBXBuildFile; fileRef = 9090AC9D269948F0008AF935 /* InventoryListView.swift */; };
		9090ACA026994AB1008AF935 /* InventoryListEmptyView.swift in Sources */ = {isa = PBXBuildFile; fileRef = 9090AC9F26994AB1008AF935 /* InventoryListEmptyView.swift */; };
		9090ACA226997208008AF935 /* FoodCategoryModel.swift in Sources */ = {isa = PBXBuildFile; fileRef = 9090ACA126997208008AF935 /* FoodCategoryModel.swift */; };
		90AD5F0026976BF000E98152 /* CategoryFormView.swift in Sources */ = {isa = PBXBuildFile; fileRef = 90AD5EFF26976BF000E98152 /* CategoryFormView.swift */; };
		90AD5F022697736900E98152 /* CategoryViewModel.swift in Sources */ = {isa = PBXBuildFile; fileRef = 90AD5F012697736900E98152 /* CategoryViewModel.swift */; };
/* End PBXBuildFile section */

/* Begin PBXFileReference section */
		307C5519269E070F00DD6FC3 /* ShoppingView.swift */ = {isa = PBXFileReference; fileEncoding = 4; lastKnownFileType = sourcecode.swift; path = ShoppingView.swift; sourceTree = "<group>"; };
		307C551B269E076B00DD6FC3 /* ShoppingViewModel.swift */ = {isa = PBXFileReference; fileEncoding = 4; lastKnownFileType = sourcecode.swift; path = ShoppingViewModel.swift; sourceTree = "<group>"; };
		307C551D269E077700DD6FC3 /* ShoppingModel.swift */ = {isa = PBXFileReference; fileEncoding = 4; lastKnownFileType = sourcecode.swift; path = ShoppingModel.swift; sourceTree = "<group>"; };
		307C551F269E946500DD6FC3 /* ShoppingListEmptyView.swift */ = {isa = PBXFileReference; lastKnownFileType = sourcecode.swift; path = ShoppingListEmptyView.swift; sourceTree = "<group>"; };
		307C5521269E99AE00DD6FC3 /* ShoppingListView.swift */ = {isa = PBXFileReference; lastKnownFileType = sourcecode.swift; path = ShoppingListView.swift; sourceTree = "<group>"; };
		307C5523269E9C2E00DD6FC3 /* ShoppingFormView.swift */ = {isa = PBXFileReference; lastKnownFileType = sourcecode.swift; path = ShoppingFormView.swift; sourceTree = "<group>"; };
		905DE8B22693311500E7011C /* ambis-reborn.app */ = {isa = PBXFileReference; explicitFileType = wrapper.application; includeInIndex = 0; path = "ambis-reborn.app"; sourceTree = BUILT_PRODUCTS_DIR; };
		905DE8B52693311600E7011C /* ambis_rebornApp.swift */ = {isa = PBXFileReference; lastKnownFileType = sourcecode.swift; path = ambis_rebornApp.swift; sourceTree = "<group>"; };
		905DE8B72693311600E7011C /* ContentView.swift */ = {isa = PBXFileReference; lastKnownFileType = sourcecode.swift; path = ContentView.swift; sourceTree = "<group>"; };
		905DE8B92693311700E7011C /* Assets.xcassets */ = {isa = PBXFileReference; lastKnownFileType = folder.assetcatalog; path = Assets.xcassets; sourceTree = "<group>"; };
		905DE8BC2693311700E7011C /* Preview Assets.xcassets */ = {isa = PBXFileReference; lastKnownFileType = folder.assetcatalog; path = "Preview Assets.xcassets"; sourceTree = "<group>"; };
		905DE8BE2693311700E7011C /* Info.plist */ = {isa = PBXFileReference; lastKnownFileType = text.plist.xml; path = Info.plist; sourceTree = "<group>"; };
		905DE8C7269332D300E7011C /* TabBarView.swift */ = {isa = PBXFileReference; lastKnownFileType = sourcecode.swift; path = TabBarView.swift; sourceTree = "<group>"; };
		905DE8CB2693333C00E7011C /* InventoryView.swift */ = {isa = PBXFileReference; lastKnownFileType = sourcecode.swift; path = InventoryView.swift; sourceTree = "<group>"; };
		905DE8CD2693334A00E7011C /* CategoryView.swift */ = {isa = PBXFileReference; lastKnownFileType = sourcecode.swift; path = CategoryView.swift; sourceTree = "<group>"; };
		905DE8D02693E54F00E7011C /* ambis-reborn.xcdatamodel */ = {isa = PBXFileReference; lastKnownFileType = wrapper.xcdatamodel; path = "ambis-reborn.xcdatamodel"; sourceTree = "<group>"; };
		905DE8D62693E93B00E7011C /* CategoryListView.swift */ = {isa = PBXFileReference; lastKnownFileType = sourcecode.swift; path = CategoryListView.swift; sourceTree = "<group>"; };
		9070148A269E160200F8981A /* InventoryCategoryListView.swift */ = {isa = PBXFileReference; lastKnownFileType = sourcecode.swift; path = InventoryCategoryListView.swift; sourceTree = "<group>"; };
		9082AE9A2693F479009A7161 /* SearchBar.swift */ = {isa = PBXFileReference; lastKnownFileType = sourcecode.swift; path = SearchBar.swift; sourceTree = "<group>"; };
		9082AE9C2693F4AB009A7161 /* Extension.swift */ = {isa = PBXFileReference; lastKnownFileType = sourcecode.swift; path = Extension.swift; sourceTree = "<group>"; };
		9082AE9E2693F4F5009A7161 /* ViewControllerResolver.swift */ = {isa = PBXFileReference; lastKnownFileType = sourcecode.swift; path = ViewControllerResolver.swift; sourceTree = "<group>"; };
		90905AD1269D386600D8A500 /* Notification.swift */ = {isa = PBXFileReference; lastKnownFileType = sourcecode.swift; path = Notification.swift; sourceTree = "<group>"; };
		9090AC952699222D008AF935 /* Persistence.swift */ = {isa = PBXFileReference; lastKnownFileType = sourcecode.swift; path = Persistence.swift; sourceTree = "<group>"; };
		9090AC9726993F6C008AF935 /* InventoryViewModel.swift */ = {isa = PBXFileReference; lastKnownFileType = sourcecode.swift; path = InventoryViewModel.swift; sourceTree = "<group>"; };
		9090AC9926993FA7008AF935 /* InventoryModel.swift */ = {isa = PBXFileReference; lastKnownFileType = sourcecode.swift; path = InventoryModel.swift; sourceTree = "<group>"; };
		9090AC9B269948E3008AF935 /* InventoryFormView.swift */ = {isa = PBXFileReference; lastKnownFileType = sourcecode.swift; path = InventoryFormView.swift; sourceTree = "<group>"; };
		9090AC9D269948F0008AF935 /* InventoryListView.swift */ = {isa = PBXFileReference; lastKnownFileType = sourcecode.swift; path = InventoryListView.swift; sourceTree = "<group>"; };
		9090AC9F26994AB1008AF935 /* InventoryListEmptyView.swift */ = {isa = PBXFileReference; lastKnownFileType = sourcecode.swift; path = InventoryListEmptyView.swift; sourceTree = "<group>"; };
		9090ACA126997208008AF935 /* FoodCategoryModel.swift */ = {isa = PBXFileReference; lastKnownFileType = sourcecode.swift; path = FoodCategoryModel.swift; sourceTree = "<group>"; };
		90AD5EFF26976BF000E98152 /* CategoryFormView.swift */ = {isa = PBXFileReference; lastKnownFileType = sourcecode.swift; path = CategoryFormView.swift; sourceTree = "<group>"; };
		90AD5F012697736900E98152 /* CategoryViewModel.swift */ = {isa = PBXFileReference; lastKnownFileType = sourcecode.swift; path = CategoryViewModel.swift; sourceTree = "<group>"; };
/* End PBXFileReference section */

/* Begin PBXFrameworksBuildPhase section */
		905DE8AF2693311500E7011C /* Frameworks */ = {
			isa = PBXFrameworksBuildPhase;
			buildActionMask = 2147483647;
			files = (
			);
			runOnlyForDeploymentPostprocessing = 0;
		};
/* End PBXFrameworksBuildPhase section */

/* Begin PBXGroup section */
		905DE8A92693311500E7011C = {
			isa = PBXGroup;
			children = (
				905DE8B42693311500E7011C /* ambis-reborn */,
				905DE8B32693311500E7011C /* Products */,
			);
			sourceTree = "<group>";
		};
		905DE8B32693311500E7011C /* Products */ = {
			isa = PBXGroup;
			children = (
				905DE8B22693311500E7011C /* ambis-reborn.app */,
			);
			name = Products;
			sourceTree = "<group>";
		};
		905DE8B42693311500E7011C /* ambis-reborn */ = {
			isa = PBXGroup;
			children = (
				905DE8C62693321200E7011C /* viewModel */,
				905DE8C5269331FF00E7011C /* view */,
				905DE8C4269331F900E7011C /* model */,
				905DE8B52693311600E7011C /* ambis_rebornApp.swift */,
				905DE8B72693311600E7011C /* ContentView.swift */,
				905DE8B92693311700E7011C /* Assets.xcassets */,
				905DE8BE2693311700E7011C /* Info.plist */,
				905DE8BB2693311700E7011C /* Preview Content */,
			);
			path = "ambis-reborn";
			sourceTree = "<group>";
		};
		905DE8BB2693311700E7011C /* Preview Content */ = {
			isa = PBXGroup;
			children = (
				905DE8BC2693311700E7011C /* Preview Assets.xcassets */,
			);
			path = "Preview Content";
			sourceTree = "<group>";
		};
		905DE8C4269331F900E7011C /* model */ = {
			isa = PBXGroup;
			children = (
				9090AC952699222D008AF935 /* Persistence.swift */,
				905DE8CF2693E54F00E7011C /* CoreData.xcdatamodeld */,
				9090AC9926993FA7008AF935 /* InventoryModel.swift */,
				307C551D269E077700DD6FC3 /* ShoppingModel.swift */,
				9090ACA126997208008AF935 /* FoodCategoryModel.swift */,
			);
			path = model;
			sourceTree = "<group>";
		};
		905DE8C5269331FF00E7011C /* view */ = {
			isa = PBXGroup;
			children = (
				90905AD4269D66FA00D8A500 /* Shopping */,
				90905AD3269D66EF00D8A500 /* Summary */,
				905DE8CA2693332C00E7011C /* Category */,
				905DE8C92693332000E7011C /* Inventory */,
				905DE8C7269332D300E7011C /* TabBarView.swift */,
				9082AE9A2693F479009A7161 /* SearchBar.swift */,
				9082AE9C2693F4AB009A7161 /* Extension.swift */,
				9082AE9E2693F4F5009A7161 /* ViewControllerResolver.swift */,
				90905AD1269D386600D8A500 /* Notification.swift */,
			);
			path = view;
			sourceTree = "<group>";
		};
		905DE8C62693321200E7011C /* viewModel */ = {
			isa = PBXGroup;
			children = (
				90AD5F012697736900E98152 /* CategoryViewModel.swift */,
				9090AC9726993F6C008AF935 /* InventoryViewModel.swift */,
				307C551B269E076B00DD6FC3 /* ShoppingViewModel.swift */,
			);
			path = viewModel;
			sourceTree = "<group>";
		};
		905DE8C92693332000E7011C /* Inventory */ = {
			isa = PBXGroup;
			children = (
				905DE8CB2693333C00E7011C /* InventoryView.swift */,
				9090AC9B269948E3008AF935 /* InventoryFormView.swift */,
				9090AC9D269948F0008AF935 /* InventoryListView.swift */,
				9090AC9F26994AB1008AF935 /* InventoryListEmptyView.swift */,
				9070148A269E160200F8981A /* InventoryCategoryListView.swift */,
			);
			path = Inventory;
			sourceTree = "<group>";
		};
		905DE8CA2693332C00E7011C /* Category */ = {
			isa = PBXGroup;
			children = (
				905DE8CD2693334A00E7011C /* CategoryView.swift */,
				905DE8D62693E93B00E7011C /* CategoryListView.swift */,
				90AD5EFF26976BF000E98152 /* CategoryFormView.swift */,
			);
			path = Category;
			sourceTree = "<group>";
		};
		90905AD3269D66EF00D8A500 /* Summary */ = {
			isa = PBXGroup;
			children = (
			);
			path = Summary;
			sourceTree = "<group>";
		};
		90905AD4269D66FA00D8A500 /* Shopping */ = {
			isa = PBXGroup;
			children = (
				307C5519269E070F00DD6FC3 /* ShoppingView.swift */,
				307C5523269E9C2E00DD6FC3 /* ShoppingFormView.swift */,
				307C5521269E99AE00DD6FC3 /* ShoppingListView.swift */,
				307C551F269E946500DD6FC3 /* ShoppingListEmptyView.swift */,
			);
			path = Shopping;
			sourceTree = "<group>";
		};
/* End PBXGroup section */

/* Begin PBXNativeTarget section */
		905DE8B12693311500E7011C /* ambis-reborn */ = {
			isa = PBXNativeTarget;
			buildConfigurationList = 905DE8C12693311700E7011C /* Build configuration list for PBXNativeTarget "ambis-reborn" */;
			buildPhases = (
				905DE8AE2693311500E7011C /* Sources */,
				905DE8AF2693311500E7011C /* Frameworks */,
				905DE8B02693311500E7011C /* Resources */,
			);
			buildRules = (
			);
			dependencies = (
			);
			name = "ambis-reborn";
			productName = "ambis-reborn";
			productReference = 905DE8B22693311500E7011C /* ambis-reborn.app */;
			productType = "com.apple.product-type.application";
		};
/* End PBXNativeTarget section */

/* Begin PBXProject section */
		905DE8AA2693311500E7011C /* Project object */ = {
			isa = PBXProject;
			attributes = {
				LastSwiftUpdateCheck = 1250;
				LastUpgradeCheck = 1250;
				TargetAttributes = {
					905DE8B12693311500E7011C = {
						CreatedOnToolsVersion = 12.5.1;
					};
				};
			};
			buildConfigurationList = 905DE8AD2693311500E7011C /* Build configuration list for PBXProject "ambis-reborn" */;
			compatibilityVersion = "Xcode 9.3";
			developmentRegion = en;
			hasScannedForEncodings = 0;
			knownRegions = (
				en,
				Base,
			);
			mainGroup = 905DE8A92693311500E7011C;
			productRefGroup = 905DE8B32693311500E7011C /* Products */;
			projectDirPath = "";
			projectRoot = "";
			targets = (
				905DE8B12693311500E7011C /* ambis-reborn */,
			);
		};
/* End PBXProject section */

/* Begin PBXResourcesBuildPhase section */
		905DE8B02693311500E7011C /* Resources */ = {
			isa = PBXResourcesBuildPhase;
			buildActionMask = 2147483647;
			files = (
				905DE8BD2693311700E7011C /* Preview Assets.xcassets in Resources */,
				905DE8BA2693311700E7011C /* Assets.xcassets in Resources */,
			);
			runOnlyForDeploymentPostprocessing = 0;
		};
/* End PBXResourcesBuildPhase section */

/* Begin PBXSourcesBuildPhase section */
		905DE8AE2693311500E7011C /* Sources */ = {
			isa = PBXSourcesBuildPhase;
			buildActionMask = 2147483647;
			files = (
				9082AE9D2693F4AB009A7161 /* Extension.swift in Sources */,
				905DE8B82693311600E7011C /* ContentView.swift in Sources */,
				9090AC9E269948F0008AF935 /* InventoryListView.swift in Sources */,
				9090ACA026994AB1008AF935 /* InventoryListEmptyView.swift in Sources */,
				90AD5F0026976BF000E98152 /* CategoryFormView.swift in Sources */,
				905DE8C8269332D300E7011C /* TabBarView.swift in Sources */,
				90AD5F022697736900E98152 /* CategoryViewModel.swift in Sources */,
				905DE8D72693E93B00E7011C /* CategoryListView.swift in Sources */,
				307C5522269E99AE00DD6FC3 /* ShoppingListView.swift in Sources */,
				307C551C269E076B00DD6FC3 /* ShoppingViewModel.swift in Sources */,
				905DE8D12693E54F00E7011C /* CoreData.xcdatamodeld in Sources */,
				9090AC962699222D008AF935 /* Persistence.swift in Sources */,
				9090AC9A26993FA7008AF935 /* InventoryModel.swift in Sources */,
				307C551A269E070F00DD6FC3 /* ShoppingView.swift in Sources */,
				307C5524269E9C2E00DD6FC3 /* ShoppingFormView.swift in Sources */,
				905DE8B62693311600E7011C /* ambis_rebornApp.swift in Sources */,
				307C551E269E077700DD6FC3 /* ShoppingModel.swift in Sources */,
				9082AE9F2693F4F5009A7161 /* ViewControllerResolver.swift in Sources */,
				9082AE9B2693F479009A7161 /* SearchBar.swift in Sources */,
				905DE8CC2693333C00E7011C /* InventoryView.swift in Sources */,
				905DE8CE2693334A00E7011C /* CategoryView.swift in Sources */,
				307C5520269E946500DD6FC3 /* ShoppingListEmptyView.swift in Sources */,
				90905AD2269D386600D8A500 /* Notification.swift in Sources */,
				9090AC9826993F6C008AF935 /* InventoryViewModel.swift in Sources */,
				9070148B269E160200F8981A /* InventoryCategoryListView.swift in Sources */,
				9090ACA226997208008AF935 /* FoodCategoryModel.swift in Sources */,
				9090AC9C269948E3008AF935 /* InventoryFormView.swift in Sources */,
			);
			runOnlyForDeploymentPostprocessing = 0;
		};
/* End PBXSourcesBuildPhase section */

/* Begin XCBuildConfiguration section */
		905DE8BF2693311700E7011C /* Debug */ = {
			isa = XCBuildConfiguration;
			buildSettings = {
				ALWAYS_SEARCH_USER_PATHS = NO;
				CLANG_ANALYZER_NONNULL = YES;
				CLANG_ANALYZER_NUMBER_OBJECT_CONVERSION = YES_AGGRESSIVE;
				CLANG_CXX_LANGUAGE_STANDARD = "gnu++14";
				CLANG_CXX_LIBRARY = "libc++";
				CLANG_ENABLE_MODULES = YES;
				CLANG_ENABLE_OBJC_ARC = YES;
				CLANG_ENABLE_OBJC_WEAK = YES;
				CLANG_WARN_BLOCK_CAPTURE_AUTORELEASING = YES;
				CLANG_WARN_BOOL_CONVERSION = YES;
				CLANG_WARN_COMMA = YES;
				CLANG_WARN_CONSTANT_CONVERSION = YES;
				CLANG_WARN_DEPRECATED_OBJC_IMPLEMENTATIONS = YES;
				CLANG_WARN_DIRECT_OBJC_ISA_USAGE = YES_ERROR;
				CLANG_WARN_DOCUMENTATION_COMMENTS = YES;
				CLANG_WARN_EMPTY_BODY = YES;
				CLANG_WARN_ENUM_CONVERSION = YES;
				CLANG_WARN_INFINITE_RECURSION = YES;
				CLANG_WARN_INT_CONVERSION = YES;
				CLANG_WARN_NON_LITERAL_NULL_CONVERSION = YES;
				CLANG_WARN_OBJC_IMPLICIT_RETAIN_SELF = YES;
				CLANG_WARN_OBJC_LITERAL_CONVERSION = YES;
				CLANG_WARN_OBJC_ROOT_CLASS = YES_ERROR;
				CLANG_WARN_QUOTED_INCLUDE_IN_FRAMEWORK_HEADER = YES;
				CLANG_WARN_RANGE_LOOP_ANALYSIS = YES;
				CLANG_WARN_STRICT_PROTOTYPES = YES;
				CLANG_WARN_SUSPICIOUS_MOVE = YES;
				CLANG_WARN_UNGUARDED_AVAILABILITY = YES_AGGRESSIVE;
				CLANG_WARN_UNREACHABLE_CODE = YES;
				CLANG_WARN__DUPLICATE_METHOD_MATCH = YES;
				COPY_PHASE_STRIP = NO;
				DEBUG_INFORMATION_FORMAT = dwarf;
				ENABLE_STRICT_OBJC_MSGSEND = YES;
				ENABLE_TESTABILITY = YES;
				GCC_C_LANGUAGE_STANDARD = gnu11;
				GCC_DYNAMIC_NO_PIC = NO;
				GCC_NO_COMMON_BLOCKS = YES;
				GCC_OPTIMIZATION_LEVEL = 0;
				GCC_PREPROCESSOR_DEFINITIONS = (
					"DEBUG=1",
					"$(inherited)",
				);
				GCC_WARN_64_TO_32_BIT_CONVERSION = YES;
				GCC_WARN_ABOUT_RETURN_TYPE = YES_ERROR;
				GCC_WARN_UNDECLARED_SELECTOR = YES;
				GCC_WARN_UNINITIALIZED_AUTOS = YES_AGGRESSIVE;
				GCC_WARN_UNUSED_FUNCTION = YES;
				GCC_WARN_UNUSED_VARIABLE = YES;
				IPHONEOS_DEPLOYMENT_TARGET = 14.5;
				MTL_ENABLE_DEBUG_INFO = INCLUDE_SOURCE;
				MTL_FAST_MATH = YES;
				ONLY_ACTIVE_ARCH = YES;
				SDKROOT = iphoneos;
				SWIFT_ACTIVE_COMPILATION_CONDITIONS = DEBUG;
				SWIFT_OPTIMIZATION_LEVEL = "-Onone";
			};
			name = Debug;
		};
		905DE8C02693311700E7011C /* Release */ = {
			isa = XCBuildConfiguration;
			buildSettings = {
				ALWAYS_SEARCH_USER_PATHS = NO;
				CLANG_ANALYZER_NONNULL = YES;
				CLANG_ANALYZER_NUMBER_OBJECT_CONVERSION = YES_AGGRESSIVE;
				CLANG_CXX_LANGUAGE_STANDARD = "gnu++14";
				CLANG_CXX_LIBRARY = "libc++";
				CLANG_ENABLE_MODULES = YES;
				CLANG_ENABLE_OBJC_ARC = YES;
				CLANG_ENABLE_OBJC_WEAK = YES;
				CLANG_WARN_BLOCK_CAPTURE_AUTORELEASING = YES;
				CLANG_WARN_BOOL_CONVERSION = YES;
				CLANG_WARN_COMMA = YES;
				CLANG_WARN_CONSTANT_CONVERSION = YES;
				CLANG_WARN_DEPRECATED_OBJC_IMPLEMENTATIONS = YES;
				CLANG_WARN_DIRECT_OBJC_ISA_USAGE = YES_ERROR;
				CLANG_WARN_DOCUMENTATION_COMMENTS = YES;
				CLANG_WARN_EMPTY_BODY = YES;
				CLANG_WARN_ENUM_CONVERSION = YES;
				CLANG_WARN_INFINITE_RECURSION = YES;
				CLANG_WARN_INT_CONVERSION = YES;
				CLANG_WARN_NON_LITERAL_NULL_CONVERSION = YES;
				CLANG_WARN_OBJC_IMPLICIT_RETAIN_SELF = YES;
				CLANG_WARN_OBJC_LITERAL_CONVERSION = YES;
				CLANG_WARN_OBJC_ROOT_CLASS = YES_ERROR;
				CLANG_WARN_QUOTED_INCLUDE_IN_FRAMEWORK_HEADER = YES;
				CLANG_WARN_RANGE_LOOP_ANALYSIS = YES;
				CLANG_WARN_STRICT_PROTOTYPES = YES;
				CLANG_WARN_SUSPICIOUS_MOVE = YES;
				CLANG_WARN_UNGUARDED_AVAILABILITY = YES_AGGRESSIVE;
				CLANG_WARN_UNREACHABLE_CODE = YES;
				CLANG_WARN__DUPLICATE_METHOD_MATCH = YES;
				COPY_PHASE_STRIP = NO;
				DEBUG_INFORMATION_FORMAT = "dwarf-with-dsym";
				ENABLE_NS_ASSERTIONS = NO;
				ENABLE_STRICT_OBJC_MSGSEND = YES;
				GCC_C_LANGUAGE_STANDARD = gnu11;
				GCC_NO_COMMON_BLOCKS = YES;
				GCC_WARN_64_TO_32_BIT_CONVERSION = YES;
				GCC_WARN_ABOUT_RETURN_TYPE = YES_ERROR;
				GCC_WARN_UNDECLARED_SELECTOR = YES;
				GCC_WARN_UNINITIALIZED_AUTOS = YES_AGGRESSIVE;
				GCC_WARN_UNUSED_FUNCTION = YES;
				GCC_WARN_UNUSED_VARIABLE = YES;
				IPHONEOS_DEPLOYMENT_TARGET = 14.5;
				MTL_ENABLE_DEBUG_INFO = NO;
				MTL_FAST_MATH = YES;
				SDKROOT = iphoneos;
				SWIFT_COMPILATION_MODE = wholemodule;
				SWIFT_OPTIMIZATION_LEVEL = "-O";
				VALIDATE_PRODUCT = YES;
			};
			name = Release;
		};
		905DE8C22693311700E7011C /* Debug */ = {
			isa = XCBuildConfiguration;
			buildSettings = {
				ASSETCATALOG_COMPILER_APPICON_NAME = AppIcon;
				ASSETCATALOG_COMPILER_GLOBAL_ACCENT_COLOR_NAME = AccentColor;
				CODE_SIGN_STYLE = Automatic;
				DEVELOPMENT_ASSET_PATHS = "\"ambis-reborn/Preview Content\"";
				DEVELOPMENT_TEAM = Q4FVKJHX54;
				ENABLE_PREVIEWS = YES;
				INFOPLIST_FILE = "ambis-reborn/Info.plist";
				IPHONEOS_DEPLOYMENT_TARGET = 14.0;
				LD_RUNPATH_SEARCH_PATHS = (
					"$(inherited)",
					"@executable_path/Frameworks",
				);
				PRODUCT_BUNDLE_IDENTIFIER = "com.ambis-reborn";
				PRODUCT_NAME = "$(TARGET_NAME)";
				SWIFT_VERSION = 5.0;
				TARGETED_DEVICE_FAMILY = 1;
			};
			name = Debug;
		};
		905DE8C32693311700E7011C /* Release */ = {
			isa = XCBuildConfiguration;
			buildSettings = {
				ASSETCATALOG_COMPILER_APPICON_NAME = AppIcon;
				ASSETCATALOG_COMPILER_GLOBAL_ACCENT_COLOR_NAME = AccentColor;
				CODE_SIGN_STYLE = Automatic;
				DEVELOPMENT_ASSET_PATHS = "\"ambis-reborn/Preview Content\"";
				DEVELOPMENT_TEAM = Q4FVKJHX54;
				ENABLE_PREVIEWS = YES;
				INFOPLIST_FILE = "ambis-reborn/Info.plist";
				IPHONEOS_DEPLOYMENT_TARGET = 14.0;
				LD_RUNPATH_SEARCH_PATHS = (
					"$(inherited)",
					"@executable_path/Frameworks",
				);
				PRODUCT_BUNDLE_IDENTIFIER = "com.ambis-reborn";
				PRODUCT_NAME = "$(TARGET_NAME)";
				SWIFT_VERSION = 5.0;
				TARGETED_DEVICE_FAMILY = 1;
			};
			name = Release;
		};
/* End XCBuildConfiguration section */

/* Begin XCConfigurationList section */
		905DE8AD2693311500E7011C /* Build configuration list for PBXProject "ambis-reborn" */ = {
			isa = XCConfigurationList;
			buildConfigurations = (
				905DE8BF2693311700E7011C /* Debug */,
				905DE8C02693311700E7011C /* Release */,
			);
			defaultConfigurationIsVisible = 0;
			defaultConfigurationName = Release;
		};
		905DE8C12693311700E7011C /* Build configuration list for PBXNativeTarget "ambis-reborn" */ = {
			isa = XCConfigurationList;
			buildConfigurations = (
				905DE8C22693311700E7011C /* Debug */,
				905DE8C32693311700E7011C /* Release */,
			);
			defaultConfigurationIsVisible = 0;
			defaultConfigurationName = Release;
		};
/* End XCConfigurationList section */

/* Begin XCVersionGroup section */
		905DE8CF2693E54F00E7011C /* CoreData.xcdatamodeld */ = {
			isa = XCVersionGroup;
			children = (
				905DE8D02693E54F00E7011C /* ambis-reborn.xcdatamodel */,
			);
			currentVersion = 905DE8D02693E54F00E7011C /* ambis-reborn.xcdatamodel */;
			path = CoreData.xcdatamodeld;
			sourceTree = "<group>";
			versionGroupType = wrapper.xcdatamodel;
		};
/* End XCVersionGroup section */
	};
	rootObject = 905DE8AA2693311500E7011C /* Project object */;
}
